
Microsoft Visual Studio Solution File, Format Version 12.00
# Visual Studio 15
VisualStudioVersion = 15.0.26403.3
MinimumVisualStudioVersion = 10.0.40219.1
Project("{FAE04EC0-301F-11D3-BF4B-00C04F79EFBC}") = "links-app", "links-app\links-app.csproj", "{ADE7466B-6220-4696-BC69-59DB7F714CB9}"
EndProject
Global
	GlobalSection(SolutionConfigurationPlatforms) = preSolution
		Debug|Any CPU = Debug|Any CPU
		Release|Any CPU = Release|Any CPU
	EndGlobalSection
	GlobalSection(ProjectConfigurationPlatforms) = postSolution
		{ADE7466B-6220-4696-BC69-59DB7F714CB9}.Debug|Any CPU.ActiveCfg = Debug|Any CPU
		{ADE7466B-6220-4696-BC69-59DB7F714CB9}.Debug|Any CPU.Build.0 = Debug|Any CPU
		{ADE7466B-6220-4696-BC69-59DB7F714CB9}.Release|Any CPU.ActiveCfg = Release|Any CPU
		{ADE7466B-6220-4696-BC69-59DB7F714CB9}.Release|Any CPU.Build.0 = Release|Any CPU
	EndGlobalSection
	GlobalSection(SolutionProperties) = preSolution
		HideSolutionNode = FALSE
	EndGlobalSection
EndGlobal
